{
  "name": "pull-request-dashboard",
  "version": "0.0.0",
  "lockfileVersion": 3,
  "requires": true,
  "packages": {
    "": {
      "name": "pull-request-dashboard",
      "version": "0.0.0",
      "dependencies": {
        "@github/copilot": "1.0.75",
        "@netlify/blobs": "^10.7.9"
      }
    },
    "node_modules/@envelop/instrumentation": {
      "version": "1.0.0",
      "resolved": "https://ms-feed-12.pkgs.visualstudio.com/1es-public/_packaging/npm-public/npm/registry/@envelop/instrumentation/-/instrumentation-1.0.0.tgz",
      "integrity": "sha1-QyaDkuBl2LqXXKy99Pwpff4+EeU=",
      "license": "MIT",
      "dependencies": {
        "@whatwg-node/promise-helpers": "^1.2.1",
        "tslib": "^2.5.0"
      },
      "engines": {
        "node": ">=18.0.0"
      }
    },
    "node_modules/@fastify/busboy": {
      "version": "3.2.0",
      "resolved": "https://ms-feed-2.pkgs.visualstudio.com/1es-public/_packaging/npm-public/npm/registry/@fastify/busboy/-/busboy-3.2.0.tgz",
      "integrity": "sha1-E+2CEvO5uml2EVKdFTR/hSgFjOo=",
      "license": "MIT"
    },
    "node_modules/@github/copilot": {
      "version": "1.0.75",
      "resolved": "https://registry.npmjs.org/@github/copilot/-/copilot-1.0.75.tgz",
      "integrity": "sha512-rn7ZQmhydCZ9XRdG6V78QEhXIdYlChlUvOVAtyJ6KHJGt2O9/71si7PCt84amfmg0N7IXBT2UGRYF4GQDQBt+g==",
      "license": "SEE LICENSE IN LICENSE.md",
      "dependencies": {
        "detect-libc": "^2.1.2"
      },
      "bin": {
        "copilot": "npm-loader.js"
      },
      "optionalDependencies": {
        "@github/copilot-darwin-arm64": "1.0.75",
        "@github/copilot-darwin-x64": "1.0.75",
        "@github/copilot-linux-arm64": "1.0.75",
        "@github/copilot-linux-x64": "1.0.75",
        "@github/copilot-linuxmusl-arm64": "1.0.75",
        "@github/copilot-linuxmusl-x64": "1.0.75",
        "@github/copilot-win32-arm64": "1.0.75",
        "@github/copilot-win32-x64": "1.0.75"
      }
    },
    "node_modules/@github/copilot-darwin-arm64": {
      "version": "1.0.75",
      "resolved": "https://registry.npmjs.org/@github/copilot-darwin-arm64/-/copilot-darwin-arm64-1.0.75.tgz",
      "integrity": "sha512-avt2ganQwtycGkqz9z8JpARoEz2Fzi02O+WitbB8I8iF3jfvEGpQ8k3z9oSCPAAO0rIMBeSl05xEUUV5RJwfRA==",
      "cpu": [
        "arm64"
      ],
      "license": "SEE LICENSE IN LICENSE.md",
      "optional": true,
      "os": [
        "darwin"
      ],
      "bin": {
        "copilot-darwin-arm64": "copilot"
      }
    },
    "node_modules/@github/copilot-darwin-x64": {
      "version": "1.0.75",
      "resolved": "https://registry.npmjs.org/@github/copilot-darwin-x64/-/copilot-darwin-x64-1.0.75.tgz",
      "integrity": "sha512-eyM5cz83d9h05m6cnnG7tIHR4lSHHXUnxXeQm4rU3nGB1uwHWOa1TH9B4uAaW3zKQgkCkNgm+IlcPJ7geM0KBg==",
      "cpu": [
        "x64"
      ],
      "license": "SEE LICENSE IN LICENSE.md",
      "optional": true,
      "os": [
        "darwin"
      ],
      "bin": {
        "copilot-darwin-x64": "copilot"
      }
    },
    "node_modules/@github/copilot-linux-arm64": {
      "version": "1.0.75",
      "resolved": "https://registry.npmjs.org/@github/copilot-linux-arm64/-/copilot-linux-arm64-1.0.75.tgz",
      "integrity": "sha512-PuGjPCy+z7DrD0rkcXQRBzoA8lVxD1WC6UeZxkZaIb9asueE798eqHHMV169zYiA3gsiSegIKu5J/aUeWwhpuQ==",
      "cpu": [
        "arm64"
      ],
      "license": "SEE LICENSE IN LICENSE.md",
      "optional": true,
      "os": [
        "linux"
      ],
      "bin": {
        "copilot-linux-arm64": "copilot"
      }
    },
    "node_modules/@github/copilot-linux-x64": {
      "version": "1.0.75",
      "resolved": "https://registry.npmjs.org/@github/copilot-linux-x64/-/copilot-linux-x64-1.0.75.tgz",
      "integrity": "sha512-aGDtUrNyj/ubqLfXOomL4XYZR//1Cs4tDGe7r/464e3Nw4WlNxWPjBbNyOCcUPUMbPHXck6TyxjEvBwwlKCK5w==",
      "cpu": [
        "x64"
      ],
      "license": "SEE LICENSE IN LICENSE.md",
      "optional": true,
      "os": [
        "linux"
      ],
      "bin": {
        "copilot-linux-x64": "copilot"
      }
    },
    "node_modules/@github/copilot-linuxmusl-arm64": {
      "version": "1.0.75",
      "resolved": "https://registry.npmjs.org/@github/copilot-linuxmusl-arm64/-/copilot-linuxmusl-arm64-1.0.75.tgz",
      "integrity": "sha512-4cbjjR/laL+4a0VjMkzjIsprRUxiAHAefWVTppFitKiqNxfgyRuOhfSUPUA5TVxPwfyYXknsxeYSNRL8zu9YDA==",
      "cpu": [
        "arm64"
      ],
      "license": "SEE LICENSE IN LICENSE.md",
      "optional": true,
      "os": [
        "linux"
      ],
      "bin": {
        "copilot-linuxmusl-arm64": "copilot"
      }
    },
    "node_modules/@github/copilot-linuxmusl-x64": {
      "version": "1.0.75",
      "resolved": "https://registry.npmjs.org/@github/copilot-linuxmusl-x64/-/copilot-linuxmusl-x64-1.0.75.tgz",
      "integrity": "sha512-I4oFPNOULMGxWghGCG/VkiT0a62UiL4XGKSlp6X0rVD9xyoYyiLGlsBmTumrooPbzEvgKICYWIz8PCZjrZTyhA==",
      "cpu": [
        "x64"
      ],
      "license": "SEE LICENSE IN LICENSE.md",
      "optional": true,
      "os": [
        "linux"
      ],
      "bin": {
        "copilot-linuxmusl-x64": "copilot"
      }
    },
    "node_modules/@github/copilot-win32-arm64": {
      "version": "1.0.75",
      "resolved": "https://registry.npmjs.org/@github/copilot-win32-arm64/-/copilot-win32-arm64-1.0.75.tgz",
      "integrity": "sha512-wlLDuor+Qm1H43VwZNi03QI4H9FSyZoQzE/YHpGhUay7sKA+4cDJF8ZZNGrtYkyPskfH5HCdNygUn7EEt6lRyQ==",
      "cpu": [
        "arm64"
      ],
      "license": "SEE LICENSE IN LICENSE.md",
      "optional": true,
      "os": [
        "win32"
      ],
      "bin": {
        "copilot-win32-arm64": "copilot.exe"
      }
    },
    "node_modules/@github/copilot-win32-x64": {
      "version": "1.0.75",
      "resolved": "https://registry.npmjs.org/@github/copilot-win32-x64/-/copilot-win32-x64-1.0.75.tgz",
      "integrity": "sha512-TKISaaILkgcOi7ThaTnln1XoasbUIx+HKSb+pf678RvGucIfLohQyLceuq+rTykoynX54KQ0pf9TEUbMVkUNAA==",
      "cpu": [
        "x64"
      ],
      "license": "SEE LICENSE IN LICENSE.md",
      "optional": true,
      "os": [
        "win32"
      ],
      "bin": {
        "copilot-win32-x64": "copilot.exe"
      }
    },
    "node_modules/@netlify/blobs": {
      "version": "10.7.9",
      "resolved": "https://ms-feed-2.pkgs.visualstudio.com/1es-public/_packaging/npm-public/npm/registry/@netlify/blobs/-/blobs-10.7.9.tgz",
      "integrity": "sha1-9usJ1FREu1tFRZLn82jZ48Wi3VM=",
      "license": "MIT",
      "dependencies": {
        "@netlify/dev-utils": "4.4.6",
        "@netlify/otel": "^6.0.3",
        "@netlify/runtime-utils": "2.3.0"
      },
      "engines": {
        "node": "^14.16.0 || >=16.0.0"
      }
    },
    "node_modules/@netlify/dev-utils": {
      "version": "4.4.6",
      "resolved": "https://ms-feed-12.pkgs.visualstudio.com/1es-public/_packaging/npm-public/npm/registry/@netlify/dev-utils/-/dev-utils-4.4.6.tgz",
      "integrity": "sha1-O3uD9mz++KQsZTJ5XOoi+pDHuMo=",
      "license": "MIT",
      "dependencies": {
        "@whatwg-node/server": "^0.10.0",
        "ansis": "^4.1.0",
        "atomically": "^2.0.3",
        "chokidar": "^4.0.1",
        "decache": "^4.6.2",
        "dettle": "^1.0.5",
        "dot-prop": "9.0.0",
        "empathic": "^2.0.0",
        "env-paths": "^3.0.0",
        "image-size": "^2.0.2",
        "js-image-generator": "^1.0.4",
        "parse-gitignore": "^2.0.0",
        "semver": "^7.7.2",
        "tmp-promise": "^3.0.3"
      },
      "engines": {
        "node": "^18.14.0 || >=20"
      }
    },
    "node_modules/@netlify/otel": {
      "version": "6.0.3",
      "resolved": "https://ms-feed-25.pkgs.visualstudio.com/1es-public/_packaging/npm-public/npm/registry/@netlify/otel/-/otel-6.0.3.tgz",
      "integrity": "sha1-SMzZtyN9O0ycd/cWZQMOz7Sv/wI=",
      "license": "MIT",
      "dependencies": {
        "@opentelemetry/api": "1.9.0",
        "@opentelemetry/core": "2.7.1",
        "@opentelemetry/instrumentation": "^0.217.0",
        "@opentelemetry/resources": "2.7.1",
        "@opentelemetry/sdk-trace-node": "2.7.1"
      },
      "engines": {
        "node": "^18.14.0 || >=20.6.1"
      }
    },
    "node_modules/@netlify/runtime-utils": {
      "version": "2.3.0",
      "resolved": "https://ms-feed-25.pkgs.visualstudio.com/1es-public/_packaging/npm-public/npm/registry/@netlify/runtime-utils/-/runtime-utils-2.3.0.tgz",
      "integrity": "sha1-Vt1ityhqBBguEYImqrKN1j7mcCI=",
      "license": "MIT",
      "engines": {
        "node": "^18.14.0 || >=20"
      }
    },
    "node_modules/@opentelemetry/api": {
      "version": "1.9.0",
      "resolved": "https://ms-feed-25.pkgs.visualstudio.com/1es-public/_packaging/npm-public/npm/registry/@opentelemetry/api/-/api-1.9.0.tgz",
      "integrity": "sha1-0D66aCc9wPdQnio9XLoh6uEDef4=",
      "license": "Apache-2.0",
      "engines": {
        "node": ">=8.0.0"
      }
    },
    "node_modules/@opentelemetry/api-logs": {
      "version": "0.217.0",
      "resolved": "https://ms-feed-12.pkgs.visualstudio.com/1es-public/_packaging/npm-public/npm/registry/@opentelemetry/api-logs/-/api-logs-0.217.0.tgz",
      "integrity": "sha1-fldzPjeRRg/n1XL9hMr+bXtx3hg=",
      "license": "Apache-2.0",
      "dependencies": {
        "@opentelemetry/api": "^1.3.0"
      },
      "engines": {
        "node": ">=8.0.0"
      }
    },
    "node_modules/@opentelemetry/context-async-hooks": {
      "version": "2.7.1",
      "resolved": "https://ms-feed-12.pkgs.visualstudio.com/1es-public/_packaging/npm-public/npm/registry/@opentelemetry/context-async-hooks/-/context-async-hooks-2.7.1.tgz",
      "integrity": "sha1-FVWm+yaVlkFtjGJv0CDD8sOOBx8=",
      "license": "Apache-2.0",
      "engines": {
        "node": "^18.19.0 || >=20.6.0"
      },
      "peerDependencies": {
        "@opentelemetry/api": ">=1.0.0 <1.10.0"
      }
    },
    "node_modules/@opentelemetry/core": {
      "version": "2.7.1",
      "resolved": "https://ms-feed-12.pkgs.visualstudio.com/1es-public/_packaging/npm-public/npm/registry/@opentelemetry/core/-/core-2.7.1.tgz",
      "integrity": "sha1-Fiv6tG1v9Nob7yQOpS4jqSaw/bw=",
      "license": "Apache-2.0",
      "dependencies": {
        "@opentelemetry/semantic-conventions": "^1.29.0"
      },
      "engines": {
        "node": "^18.19.0 || >=20.6.0"
      },
      "peerDependencies": {
        "@opentelemetry/api": ">=1.0.0 <1.10.0"
      }
    },
    "node_modules/@opentelemetry/instrumentation": {
      "version": "0.217.0",
      "resolved": "https://ms-feed-25.pkgs.visualstudio.com/1es-public/_packaging/npm-public/npm/registry/@opentelemetry/instrumentation/-/instrumentation-0.217.0.tgz",
      "integrity": "sha1-TN6obfdjz9hC4mtBU13Z8bpAdZU=",
      "license": "Apache-2.0",
      "dependencies": {
        "@opentelemetry/api-logs": "0.217.0",
        "import-in-the-middle": "^3.0.0",
        "require-in-the-middle": "^8.0.0"
      },
      "engines": {
        "node": "^18.19.0 || >=20.6.0"
      },
      "peerDependencies": {
        "@opentelemetry/api": "^1.3.0"
      }
    },
    "node_modules/@opentelemetry/resources": {
      "version": "2.7.1",
      "resolved": "https://ms-feed-12.pkgs.visualstudio.com/1es-public/_packaging/npm-public/npm/registry/@opentelemetry/resources/-/resources-2.7.1.tgz",
      "integrity": "sha1-OyqRefYRm7Hyzd7+QbqbKFVQSl0=",
      "license": "Apache-2.0",
      "dependencies": {
        "@opentelemetry/core": "2.7.1",
        "@opentelemetry/semantic-conventions": "^1.29.0"
      },
      "engines": {
        "node": "^18.19.0 || >=20.6.0"
      },
      "peerDependencies": {
        "@opentelemetry/api": ">=1.3.0 <1.10.0"
      }
    },
    "node_modules/@opentelemetry/sdk-trace-base": {
      "version": "2.7.1",
      "resolved": "https://ms-feed-12.pkgs.visualstudio.com/1es-public/_packaging/npm-public/npm/registry/@opentelemetry/sdk-trace-base/-/sdk-trace-base-2.7.1.tgz",
      "integrity": "sha1-kWDDr57yIZwmVjq9E24i+30Zs08=",
      "license": "Apache-2.0",
      "dependencies": {
        "@opentelemetry/core": "2.7.1",
        "@opentelemetry/resources": "2.7.1",
        "@opentelemetry/semantic-conventions": "^1.29.0"
      },
      "engines": {
        "node": "^18.19.0 || >=20.6.0"
      },
      "peerDependencies": {
        "@opentelemetry/api": ">=1.3.0 <1.10.0"
      }
    },
    "node_modules/@opentelemetry/sdk-trace-node": {
      "version": "2.7.1",
      "resolved": "https://ms-feed-12.pkgs.visualstudio.com/1es-public/_packaging/npm-public/npm/registry/@opentelemetry/sdk-trace-node/-/sdk-trace-node-2.7.1.tgz",
      "integrity": "sha1-VN7bjnf6UabQL8IZIJdzkmbIIWg=",
      "license": "Apache-2.0",
      "dependencies": {
        "@opentelemetry/context-async-hooks": "2.7.1",
        "@opentelemetry/core": "2.7.1",
        "@opentelemetry/sdk-trace-base": "2.7.1"
      },
      "engines": {
        "node": "^18.19.0 || >=20.6.0"
      },
      "peerDependencies": {
        "@opentelemetry/api": ">=1.0.0 <1.10.0"
      }
    },
    "node_modules/@opentelemetry/semantic-conventions": {
      "version": "1.43.0",
      "resolved": "https://ms-feed-12.pkgs.visualstudio.com/1es-public/_packaging/npm-public/npm/registry/@opentelemetry/semantic-conventions/-/semantic-conventions-1.43.0.tgz",
      "integrity": "sha1-8/Rn42wnMy8Oc17IbNzXjdbyeGU=",
      "license": "Apache-2.0",
      "engines": {
        "node": ">=14"
      }
    },
    "node_modules/@whatwg-node/disposablestack": {
      "version": "0.0.6",
      "resolved": "https://ms-feed-25.pkgs.visualstudio.com/1es-public/_packaging/npm-public/npm/registry/@whatwg-node/disposablestack/-/disposablestack-0.0.6.tgz",
      "integrity": "sha1-IGShQl6mYZTe9t8MehhRtpOcgrs=",
      "license": "MIT",
      "dependencies": {
        "@whatwg-node/promise-helpers": "^1.0.0",
        "tslib": "^2.6.3"
      },
      "engines": {
        "node": ">=18.0.0"
      }
    },
    "node_modules/@whatwg-node/fetch": {
      "version": "0.10.13",
      "resolved": "https://ms-feed-12.pkgs.visualstudio.com/1es-public/_packaging/npm-public/npm/registry/@whatwg-node/fetch/-/fetch-0.10.13.tgz",
      "integrity": "sha1-LUcZDGIPE03aMcf4J5dqkJssyno=",
      "license": "MIT",
      "dependencies": {
        "@whatwg-node/node-fetch": "^0.8.3",
        "urlpattern-polyfill": "^10.0.0"
      },
      "engines": {
        "node": ">=18.0.0"
      }
    },
    "node_modules/@whatwg-node/node-fetch": {
      "version": "0.8.6",
      "resolved": "https://ms-feed-2.pkgs.visualstudio.com/1es-public/_packaging/npm-public/npm/registry/@whatwg-node/node-fetch/-/node-fetch-0.8.6.tgz",
      "integrity": "sha1-IsUjX0nGnGss/GPUp1neQHqPxmQ=",
      "license": "MIT",
      "dependencies": {
        "@fastify/busboy": "^3.1.1",
        "@whatwg-node/disposablestack": "^0.0.6",
        "@whatwg-node/promise-helpers": "^1.3.2",
        "tslib": "^2.6.3"
      },
      "engines": {
        "node": ">=18.0.0"
      }
    },
    "node_modules/@whatwg-node/promise-helpers": {
      "version": "1.3.2",
      "resolved": "https://ms-feed-12.pkgs.visualstudio.com/1es-public/_packaging/npm-public/npm/registry/@whatwg-node/promise-helpers/-/promise-helpers-1.3.2.tgz",
      "integrity": "sha1-O1SYetZRfvbbWSDGam8NraYGWH0=",
      "license": "MIT",
      "dependencies": {
        "tslib": "^2.6.3"
      },
      "engines": {
        "node": ">=16.0.0"
      }
    },
    "node_modules/@whatwg-node/server": {
      "version": "0.10.18",
      "resolved": "https://ms-feed-12.pkgs.visualstudio.com/1es-public/_packaging/npm-public/npm/registry/@whatwg-node/server/-/server-0.10.18.tgz",
      "integrity": "sha1-4UxRKTBXRYguCd2uzcloBzBPc88=",
      "license": "MIT",
      "dependencies": {
        "@envelop/instrumentation": "^1.0.0",
        "@whatwg-node/disposablestack": "^0.0.6",
        "@whatwg-node/fetch": "^0.10.13",
        "@whatwg-node/promise-helpers": "^1.3.2",
        "tslib": "^2.6.3"
      },
      "engines": {
        "node": ">=18.0.0"
      }
    },
    "node_modules/ansis": {
      "version": "4.3.1",
      "resolved": "https://ms-feed-25.pkgs.visualstudio.com/1es-public/_packaging/npm-public/npm/registry/ansis/-/ansis-4.3.1.tgz",
      "integrity": "sha1-KBXB70kK2vDWEq46aZ6Qy89wqRc=",
      "license": "ISC",
      "engines": {
        "node": ">=14"
      }
    },
    "node_modules/atomically": {
      "version": "2.1.1",
      "resolved": "https://ms-feed-25.pkgs.visualstudio.com/1es-public/_packaging/npm-public/npm/registry/atomically/-/atomically-2.1.1.tgz",
      "integrity": "sha1-xU77YF7MkuHot1JjiAbSwUwx540=",
      "license": "MIT",
      "dependencies": {
        "stubborn-fs": "^2.0.0",
        "when-exit": "^2.1.4"
      }
    },
    "node_modules/callsite": {
      "version": "1.0.0",
      "resolved": "https://ms-feed-25.pkgs.visualstudio.com/1es-public/_packaging/npm-public/npm/registry/callsite/-/callsite-1.0.0.tgz",
      "integrity": "sha1-KAOY5dZkvXQDi28JBRU+borxvCA=",
      "engines": {
        "node": "*"
      }
    },
    "node_modules/chokidar": {
      "version": "4.0.3",
      "resolved": "https://ms-feed-12.pkgs.visualstudio.com/1es-public/_packaging/npm-public/npm/registry/chokidar/-/chokidar-4.0.3.tgz",
      "integrity": "sha1-e+N6TAPJruHs/oYqSiOyxwwgXTA=",
      "license": "MIT",
      "dependencies": {
        "readdirp": "^4.0.1"
      },
      "engines": {
        "node": ">= 14.16.0"
      },
      "funding": {
        "url": "https://paulmillr.com/funding/"
      }
    },
    "node_modules/cjs-module-lexer": {
      "version": "2.2.0",
      "resolved": "https://ms-feed-2.pkgs.visualstudio.com/1es-public/_packaging/npm-public/npm/registry/cjs-module-lexer/-/cjs-module-lexer-2.2.0.tgz",
      "integrity": "sha1-s8pRAYQziSWa3n2Ix3vQbOVYSco=",
      "license": "MIT"
    },
    "node_modules/debug": {
      "version": "4.4.3",
      "resolved": "https://ms-feed-2.pkgs.visualstudio.com/1es-public/_packaging/npm-public/npm/registry/debug/-/debug-4.4.3.tgz",
      "integrity": "sha1-xq5DLZvZZiWC/OCHCbA4xY6ePWo=",
      "license": "MIT",
      "dependencies": {
        "ms": "^2.1.3"
      },
      "engines": {
        "node": ">=6.0"
      },
      "peerDependenciesMeta": {
        "supports-color": {
          "optional": true
        }
      }
    },
    "node_modules/decache": {
      "version": "4.6.2",
      "resolved": "https://ms-feed-2.pkgs.visualstudio.com/1es-public/_packaging/npm-public/npm/registry/decache/-/decache-4.6.2.tgz",
      "integrity": "sha1-wd8TJaLzbVOSLgjzM4DwgxSBmc0=",
      "license": "MIT",
      "dependencies": {
        "callsite": "^1.0.0"
      }
    },
    "node_modules/detect-libc": {
      "version": "2.1.2",
      "resolved": "https://registry.npmjs.org/detect-libc/-/detect-libc-2.1.2.tgz",
      "integrity": "sha512-Btj2BOOO83o3WyH59e8MgXsxEQVcarkUOpEYrubB0urwnN10yQ364rsiByU11nZlqWYZm05i/of7io4mzihBtQ==",
      "license": "Apache-2.0",
      "engines": {
        "node": ">=8"
      }
    },
    "node_modules/dettle": {
      "version": "1.0.5",
      "resolved": "https://ms-feed-2.pkgs.visualstudio.com/1es-public/_packaging/npm-public/npm/registry/dettle/-/dettle-1.0.5.tgz",
      "integrity": "sha1-7TpSYBKy+vDsDw+QeSkBmngJFEU=",
      "license": "MIT"
    },
    "node_modules/dot-prop": {
      "version": "9.0.0",
      "resolved": "https://ms-feed-2.pkgs.visualstudio.com/1es-public/_packaging/npm-public/npm/registry/dot-prop/-/dot-prop-9.0.0.tgz",
      "integrity": "sha1-uuWYL+bca4/duS7+9PLd/yZ3npI=",
      "license": "MIT",
      "dependencies": {
        "type-fest": "^4.18.2"
      },
      "engines": {
        "node": ">=18"
      },
      "funding": {
        "url": "https://github.com/sponsors/sindresorhus"
      }
    },
    "node_modules/empathic": {
      "version": "2.0.1",
      "resolved": "https://ms-feed-12.pkgs.visualstudio.com/1es-public/_packaging/npm-public/npm/registry/empathic/-/empathic-2.0.1.tgz",
      "integrity": "sha1-N7G+3jEJPgSgPSq86V6jI/7o70k=",
      "license": "MIT",
      "engines": {
        "node": ">=14"
      }
    },
    "node_modules/env-paths": {
      "version": "3.0.0",
      "resolved": "https://ms-feed-25.pkgs.visualstudio.com/1es-public/_packaging/npm-public/npm/registry/env-paths/-/env-paths-3.0.0.tgz",
      "integrity": "sha1-Lx6Jwvbb00COGxcR3YLWLjF/WNo=",
      "license": "MIT",
      "engines": {
        "node": "^12.20.0 || ^14.13.1 || >=16.0.0"
      },
      "funding": {
        "url": "https://github.com/sponsors/sindresorhus"
      }
    },
    "node_modules/es-module-lexer": {
      "version": "2.3.1",
      "resolved": "https://ms-feed-25.pkgs.visualstudio.com/1es-public/_packaging/npm-public/npm/registry/es-module-lexer/-/es-module-lexer-2.3.1.tgz",
      "integrity": "sha1-W/LfBpmdu+XwBqX0ahH7n1t7ORs=",
      "license": "MIT"
    },
    "node_modules/image-size": {
      "version": "2.0.2",
      "resolved": "https://ms-feed-2.pkgs.visualstudio.com/1es-public/_packaging/npm-public/npm/registry/image-size/-/image-size-2.0.2.tgz",
      "integrity": "sha1-hKe0NwTbVzbzZL8NGwKYISmbS9w=",
      "license": "MIT",
      "bin": {
        "image-size": "bin/image-size.js"
      },
      "engines": {
        "node": ">=16.x"
      }
    },
    "node_modules/import-in-the-middle": {
      "version": "3.3.2",
      "resolved": "https://ms-feed-12.pkgs.visualstudio.com/1es-public/_packaging/npm-public/npm/registry/import-in-the-middle/-/import-in-the-middle-3.3.2.tgz",
      "integrity": "sha1-r32s1PPCWCar/IMU68cbbc9H4jg=",
      "license": "Apache-2.0",
      "dependencies": {
        "cjs-module-lexer": "^2.2.0",
        "es-module-lexer": "^2.2.0",
        "module-details-from-path": "^1.0.4"
      },
      "engines": {
        "node": ">=18"
      }
    },
    "node_modules/jpeg-js": {
      "version": "0.4.4",
      "resolved": "https://ms-feed-25.pkgs.visualstudio.com/1es-public/_packaging/npm-public/npm/registry/jpeg-js/-/jpeg-js-0.4.4.tgz",
      "integrity": "sha1-qfHG8fnw+oDNs0hO2WNQVNKJNqo=",
      "license": "BSD-3-Clause"
    },
    "node_modules/js-image-generator": {
      "version": "1.0.4",
      "resolved": "https://ms-feed-25.pkgs.visualstudio.com/1es-public/_packaging/npm-public/npm/registry/js-image-generator/-/js-image-generator-1.0.4.tgz",
      "integrity": "sha1-5agX6Set3fmeUwsRLD7R9ziyUAE=",
      "license": "ISC",
      "dependencies": {
        "jpeg-js": "^0.4.2"
      }
    },
    "node_modules/module-details-from-path": {
      "version": "1.0.4",
      "resolved": "https://ms-feed-2.pkgs.visualstudio.com/1es-public/_packaging/npm-public/npm/registry/module-details-from-path/-/module-details-from-path-1.0.4.tgz",
      "integrity": "sha1-tmL9zZP2yD0/JSidoM6ByNloW5Q=",
      "license": "MIT"
    },
    "node_modules/ms": {
      "version": "2.1.3",
      "resolved": "https://ms-feed-2.pkgs.visualstudio.com/1es-public/_packaging/npm-public/npm/registry/ms/-/ms-2.1.3.tgz",
      "integrity": "sha1-V0yBOM4dK1hh8LRFedut1gxmFbI=",
      "license": "MIT"
    },
    "node_modules/parse-gitignore": {
      "version": "2.0.0",
      "resolved": "https://ms-feed-25.pkgs.visualstudio.com/1es-public/_packaging/npm-public/npm/registry/parse-gitignore/-/parse-gitignore-2.0.0.tgz",
      "integrity": "sha1-gRVrJlEVxQcSnz+uoGe4R22jtkI=",
      "license": "MIT",
      "engines": {
        "node": ">=14"
      }
    },
    "node_modules/readdirp": {
      "version": "4.1.2",
      "resolved": "https://ms-feed-25.pkgs.visualstudio.com/1es-public/_packaging/npm-public/npm/registry/readdirp/-/readdirp-4.1.2.tgz",
      "integrity": "sha1-64WAFDX78qfuWPGeCSGwaPxplI0=",
      "license": "MIT",
      "engines": {
        "node": ">= 14.18.0"
      },
      "funding": {
        "type": "individual",
        "url": "https://paulmillr.com/funding/"
      }
    },
    "node_modules/require-in-the-middle": {
      "version": "8.0.1",
      "resolved": "https://ms-feed-25.pkgs.visualstudio.com/1es-public/_packaging/npm-public/npm/registry/require-in-the-middle/-/require-in-the-middle-8.0.1.tgz",
      "integrity": "sha1-294lh/ZpOYYm1WsgyGirh78BzOQ=",
      "license": "MIT",
      "dependencies": {
        "debug": "^4.3.5",
        "module-details-from-path": "^1.0.3"
      },
      "engines": {
        "node": ">=9.3.0 || >=8.10.0 <9.0.0"
      }
    },
    "node_modules/semver": {
      "version": "7.8.5",
      "resolved": "https://ms-feed-2.pkgs.visualstudio.com/1es-public/_packaging/npm-public/npm/registry/semver/-/semver-7.8.5.tgz",
      "integrity": "sha1-ObZGA33VDBT7RR5+TKxY7YuGP2k=",
      "license": "ISC",
      "bin": {
        "semver": "bin/semver.js"
      },
      "engines": {
        "node": ">=10"
      }
    },
    "node_modules/stubborn-fs": {
      "version": "2.0.0",
      "resolved": "https://ms-feed-2.pkgs.visualstudio.com/1es-public/_packaging/npm-public/npm/registry/stubborn-fs/-/stubborn-fs-2.0.0.tgz",
      "integrity": "sha1-YodQ+BxRxEwE71D8cO1NHK6k8ek=",
      "license": "MIT",
      "dependencies": {
        "stubborn-utils": "^1.0.1"
      }
    },
    "node_modules/stubborn-utils": {
      "version": "1.0.2",
      "resolved": "https://ms-feed-2.pkgs.visualstudio.com/1es-public/_packaging/npm-public/npm/registry/stubborn-utils/-/stubborn-utils-1.0.2.tgz",
      "integrity": "sha1-DZxYq1UPQJNiNQVsfqb+vZJcTUE=",
      "license": "MIT"
    },
    "node_modules/tmp": {
      "version": "0.2.7",
      "resolved": "https://ms-feed-12.pkgs.visualstudio.com/1es-public/_packaging/npm-public/npm/registry/tmp/-/tmp-0.2.7.tgz",
      "integrity": "sha1-JvTbEdFgHOgBLcuKeY7OHAapkFk=",
      "license": "MIT",
      "engines": {
        "node": ">=14.14"
      }
    },
    "node_modules/tmp-promise": {
      "version": "3.0.3",
      "resolved": "https://ms-feed-2.pkgs.visualstudio.com/1es-public/_packaging/npm-public/npm/registry/tmp-promise/-/tmp-promise-3.0.3.tgz",
      "integrity": "sha1-YKGhzJjJiGdPy/0jtuM2e96sTOc=",
      "license": "MIT",
      "dependencies": {
        "tmp": "^0.2.0"
      }
    },
    "node_modules/tslib": {
      "version": "2.8.1",
      "resolved": "https://ms-feed-12.pkgs.visualstudio.com/1es-public/_packaging/npm-public/npm/registry/tslib/-/tslib-2.8.1.tgz",
      "integrity": "sha1-YS7+TtI11Wfoq6Xypfq3AoCt6D8=",
      "license": "0BSD"
    },
    "node_modules/type-fest": {
      "version": "4.41.0",
      "resolved": "https://ms-feed-2.pkgs.visualstudio.com/1es-public/_packaging/npm-public/npm/registry/type-fest/-/type-fest-4.41.0.tgz",
      "integrity": "sha1-auHI5XMSc8K/H1itOcuuLJGkbFg=",
      "license": "(MIT OR CC0-1.0)",
      "engines": {
        "node": ">=16"
      },
      "funding": {
        "url": "https://github.com/sponsors/sindresorhus"
      }
    },
    "node_modules/urlpattern-polyfill": {
      "version": "10.1.0",
      "resolved": "https://ms-feed-12.pkgs.visualstudio.com/1es-public/_packaging/npm-public/npm/registry/urlpattern-polyfill/-/urlpattern-polyfill-10.1.0.tgz",
      "integrity": "sha1-GyUX5hQTbHO6MpSNXno6Bjy6jnQ=",
      "license": "MIT"
    },
    "node_modules/when-exit": {
      "version": "2.1.5",
      "resolved": "https://ms-feed-2.pkgs.visualstudio.com/1es-public/_packaging/npm-public/npm/registry/when-exit/-/when-exit-2.1.5.tgz",
      "integrity": "sha1-U/pP+iukx5IhP7ZhfrfQjw3LGp8=",
      "license": "MIT"
    }
  }
}
