{
  "name": "pull-request-dashboard",
  "version": "0.0.0",
  "lockfileVersion": 3,
  "requires": true,
  "packages": {
    "": {
      "name": "pull-request-dashboard",
      "version": "0.0.0",
      "dependencies": {
        "@github/copilot": "1.0.79"
      }
    },
    "node_modules/@github/copilot": {
      "version": "1.0.79",
      "resolved": "https://registry.npmjs.org/@github/copilot/-/copilot-1.0.79.tgz",
      "integrity": "sha512-uHBm2BYbKJgyfiKp1WokX7QUNHGvzEX0zaGeb3qM3CybP06rsJrX3JgQe95qwwma6vQz0ah9gV68ERW2JqaKRA==",
      "license": "SEE LICENSE IN LICENSE.md",
      "dependencies": {
        "detect-libc": "^2.1.2"
      },
      "bin": {
        "copilot": "npm-loader.js"
      },
      "optionalDependencies": {
        "@github/copilot-darwin-arm64": "1.0.79",
        "@github/copilot-darwin-x64": "1.0.79",
        "@github/copilot-linux-arm64": "1.0.79",
        "@github/copilot-linux-x64": "1.0.79",
        "@github/copilot-linuxmusl-arm64": "1.0.79",
        "@github/copilot-linuxmusl-x64": "1.0.79",
        "@github/copilot-win32-arm64": "1.0.79",
        "@github/copilot-win32-x64": "1.0.79"
      }
    },
    "node_modules/@github/copilot-darwin-arm64": {
      "version": "1.0.79",
      "resolved": "https://registry.npmjs.org/@github/copilot-darwin-arm64/-/copilot-darwin-arm64-1.0.79.tgz",
      "integrity": "sha512-rsw7JoMvlcxXb0yx08oIeEc0x2hUEwKSfhX9ESKfdMVt0Ckrzm4OEvNUyzOpOnLJ9+l3h/aI+u1w5g2ZU2K7UA==",
      "cpu": [
        "arm64"
      ],
      "license": "SEE LICENSE IN LICENSE.md",
      "optional": true,
      "os": [
        "darwin"
      ],
      "bin": {
        "copilot-darwin-arm64": "copilot"
      }
    },
    "node_modules/@github/copilot-darwin-x64": {
      "version": "1.0.79",
      "resolved": "https://registry.npmjs.org/@github/copilot-darwin-x64/-/copilot-darwin-x64-1.0.79.tgz",
      "integrity": "sha512-D983e2lXYnq+KhjA8mTZXonY1+LGfJN9BM195J73shUvx49nRJmibDHWLvVtGeYc+43evGUOAQrOqOspAhhWPQ==",
      "cpu": [
        "x64"
      ],
      "license": "SEE LICENSE IN LICENSE.md",
      "optional": true,
      "os": [
        "darwin"
      ],
      "bin": {
        "copilot-darwin-x64": "copilot"
      }
    },
    "node_modules/@github/copilot-linux-arm64": {
      "version": "1.0.79",
      "resolved": "https://registry.npmjs.org/@github/copilot-linux-arm64/-/copilot-linux-arm64-1.0.79.tgz",
      "integrity": "sha512-qqaNkvi92Wg+4OZk/kTWC2nUG72G0vV6eRAo5+PnKaPmjdX1GsI0a+lPxXPEbzX0zYLi/8yrUyANwyyNEsGgXA==",
      "cpu": [
        "arm64"
      ],
      "libc": [
        "glibc"
      ],
      "license": "SEE LICENSE IN LICENSE.md",
      "optional": true,
      "os": [
        "linux"
      ],
      "bin": {
        "copilot-linux-arm64": "copilot"
      }
    },
    "node_modules/@github/copilot-linux-x64": {
      "version": "1.0.79",
      "resolved": "https://registry.npmjs.org/@github/copilot-linux-x64/-/copilot-linux-x64-1.0.79.tgz",
      "integrity": "sha512-wzotZfvHkItutciLFMXZT2k9Qiii4Ta8tsVDCMQ7CP8hPxV91FyJ1yf3+FFSSfPvWrfYM6BOAiqIuX+LjgRuiw==",
      "cpu": [
        "x64"
      ],
      "libc": [
        "glibc"
      ],
      "license": "SEE LICENSE IN LICENSE.md",
      "optional": true,
      "os": [
        "linux"
      ],
      "bin": {
        "copilot-linux-x64": "copilot"
      }
    },
    "node_modules/@github/copilot-linuxmusl-arm64": {
      "version": "1.0.79",
      "resolved": "https://registry.npmjs.org/@github/copilot-linuxmusl-arm64/-/copilot-linuxmusl-arm64-1.0.79.tgz",
      "integrity": "sha512-INtRSARl7DdNm2MXnn4GJuK+Y7QD24ANox02uH8htNQwRlNvdvg+YGS1V/mYgLDXFepeUjMjzTNC+i70+kh5uw==",
      "cpu": [
        "arm64"
      ],
      "libc": [
        "musl"
      ],
      "license": "SEE LICENSE IN LICENSE.md",
      "optional": true,
      "os": [
        "linux"
      ],
      "bin": {
        "copilot-linuxmusl-arm64": "copilot"
      }
    },
    "node_modules/@github/copilot-linuxmusl-x64": {
      "version": "1.0.79",
      "resolved": "https://registry.npmjs.org/@github/copilot-linuxmusl-x64/-/copilot-linuxmusl-x64-1.0.79.tgz",
      "integrity": "sha512-LxJAIfPP6Ok/9qpXGZuhnAft3W9JVcK9tbO3jWXcGDJT3v+2NtutyjmP/A7/cDXdTruXVQ4MybwAgacN8Gj/sg==",
      "cpu": [
        "x64"
      ],
      "libc": [
        "musl"
      ],
      "license": "SEE LICENSE IN LICENSE.md",
      "optional": true,
      "os": [
        "linux"
      ],
      "bin": {
        "copilot-linuxmusl-x64": "copilot"
      }
    },
    "node_modules/@github/copilot-win32-arm64": {
      "version": "1.0.79",
      "resolved": "https://registry.npmjs.org/@github/copilot-win32-arm64/-/copilot-win32-arm64-1.0.79.tgz",
      "integrity": "sha512-5wg/ayCBTVy4g4FdO/9BJZRVARY0sgjAn9rBkw5BSJMv4u7Mvxg5Sftlift+V5UWxTyCSHAELZ5IHKvox4Yi8w==",
      "cpu": [
        "arm64"
      ],
      "license": "SEE LICENSE IN LICENSE.md",
      "optional": true,
      "os": [
        "win32"
      ],
      "bin": {
        "copilot-win32-arm64": "copilot.exe"
      }
    },
    "node_modules/@github/copilot-win32-x64": {
      "version": "1.0.79",
      "resolved": "https://registry.npmjs.org/@github/copilot-win32-x64/-/copilot-win32-x64-1.0.79.tgz",
      "integrity": "sha512-FTpThWwwCDYnLdE0pfdo5zpAQLLVg36kmC2IKyVMuCYv9iPe7rE1mz7ng/UITN9M3TAMBrwHSvCV3pITvw4W8Q==",
      "cpu": [
        "x64"
      ],
      "license": "SEE LICENSE IN LICENSE.md",
      "optional": true,
      "os": [
        "win32"
      ],
      "bin": {
        "copilot-win32-x64": "copilot.exe"
      }
    },
    "node_modules/detect-libc": {
      "version": "2.1.2",
      "resolved": "https://registry.npmjs.org/detect-libc/-/detect-libc-2.1.2.tgz",
      "integrity": "sha512-Btj2BOOO83o3WyH59e8MgXsxEQVcarkUOpEYrubB0urwnN10yQ364rsiByU11nZlqWYZm05i/of7io4mzihBtQ==",
      "license": "Apache-2.0",
      "engines": {
        "node": ">=8"
      }
    }
  }
}
